
Microsoft Visual Studio Solution File, Format Version 12.00
# Visual Studio Version 16
VisualStudioVersion = 16.0.32228.343
MinimumVisualStudioVersion = 10.0.40219.1
Project("{FAE04EC0-301F-11D3-BF4B-00C04F79EFBC}") = "FreewitchESLTesting", "FreewitchESLTesting\FreewitchESLTesting.csproj", "{1C9B2D5C-6832-4EA8-9AC6-931BE1BBC971}"
EndProject
Global
	GlobalSection(SolutionConfigurationPlatforms) = preSolution
		Debug|Any CPU = Debug|Any CPU
		Release|Any CPU = Release|Any CPU
	EndGlobalSection
	GlobalSection(ProjectConfigurationPlatforms) = postSolution
		{1C9B2D5C-6832-4EA8-9AC6-931BE1BBC971}.Debug|Any CPU.ActiveCfg = Debug|Any CPU
		{1C9B2D5C-6832-4EA8-9AC6-931BE1BBC971}.Debug|Any CPU.Build.0 = Debug|Any CPU
		{1C9B2D5C-6832-4EA8-9AC6-931BE1BBC971}.Release|Any CPU.ActiveCfg = Release|Any CPU
		{1C9B2D5C-6832-4EA8-9AC6-931BE1BBC971}.Release|Any CPU.Build.0 = Release|Any CPU
	EndGlobalSection
	GlobalSection(SolutionProperties) = preSolution
		HideSolutionNode = FALSE
	EndGlobalSection
	GlobalSection(ExtensibilityGlobals) = postSolution
		SolutionGuid = {EF9E635D-FDBC-4B0E-B89A-44B4D801911A}
	EndGlobalSection
EndGlobal
